
Microsoft Visual Studio Solution File, Format Version 12.00
# Visual Studio 15
VisualStudioVersion = 15.0.26430.6
MinimumVisualStudioVersion = 10.0.40219.1
Project("{FAE04EC0-301F-11D3-BF4B-00C04F79EFBC}") = "FMS", "FMS\FMS.csproj", "{4CE5A9D3-538F-404D-ACE3-D381D4E4F5EC}"
EndProject
Global
	GlobalSection(SolutionConfigurationPlatforms) = preSolution
		Debug|Any CPU = Debug|Any CPU
		Release|Any CPU = Release|Any CPU
	EndGlobalSection
	GlobalSection(ProjectConfigurationPlatforms) = postSolution
		{4CE5A9D3-538F-404D-ACE3-D381D4E4F5EC}.Debug|Any CPU.ActiveCfg = Debug|Any CPU
		{4CE5A9D3-538F-404D-ACE3-D381D4E4F5EC}.Debug|Any CPU.Build.0 = Debug|Any CPU
		{4CE5A9D3-538F-404D-ACE3-D381D4E4F5EC}.Release|Any CPU.ActiveCfg = Release|Any CPU
		{4CE5A9D3-538F-404D-ACE3-D381D4E4F5EC}.Release|Any CPU.Build.0 = Release|Any CPU
	EndGlobalSection
	GlobalSection(SolutionProperties) = preSolution
		HideSolutionNode = FALSE
	EndGlobalSection
EndGlobal
